
Microsoft Visual Studio Solution File, Format Version 12.00
# Visual Studio Version 17
VisualStudioVersion = 17.5.33414.496
MinimumVisualStudioVersion = 10.0.40219.1
Project("{2150E333-8FDC-42A3-9474-1A3956D46DE8}") = "Customer", "Customer", "{4C55A0ED-6872-45B0-9C21-C90BA1E46886}"
EndProject
Project("{9A19103F-16F7-4668-BE54-9A1E7A4F7556}") = "BH.Backend.CustomerService", "Customer\BH.Backend.CustomerService\BH.Backend.CustomerService.csproj", "{37CEB277-9923-436A-8946-925F69B8A664}"
EndProject
Project("{2150E333-8FDC-42A3-9474-1A3956D46DE8}") = "Models", "Models", "{4B22E9D1-5E0F-49A8-9D5F-08D7916BEF28}"
EndProject
Project("{9A19103F-16F7-4668-BE54-9A1E7A4F7556}") = "BH.Backend.Models", "Models\BH.Backend.Model\BH.Backend.Models.csproj", "{D3640496-7143-466E-83AA-32DB2CCA028F}"
EndProject
Project("{9A19103F-16F7-4668-BE54-9A1E7A4F7556}") = "BH.Backend.Models.Tests", "Models\BH.Backend.Models.Tests\BH.Backend.Models.Tests.csproj", "{045CDEB7-D408-43E9-AF79-C9C72D04E3CD}"
EndProject
Project("{2150E333-8FDC-42A3-9474-1A3956D46DE8}") = "Account", "Account", "{EDB8F093-3DEC-4AAC-A4DB-5273B8C28E21}"
EndProject
Project("{FAE04EC0-301F-11D3-BF4B-00C04F79EFBC}") = "BH.Backend.AccountService", "Account\BH.Backend.AccountService\BH.Backend.AccountService.csproj", "{06BFDDCE-5E4D-49DE-9A5A-7822EEBE3169}"
EndProject
Project("{FAE04EC0-301F-11D3-BF4B-00C04F79EFBC}") = "BH.Backend.AccountService.Tests", "Account\BH.Backend.AccountService.Tests\BH.Backend.AccountService.Tests.csproj", "{784D87DF-7E25-4673-AAE9-6F93FA01B39E}"
EndProject
Project("{2150E333-8FDC-42A3-9474-1A3956D46DE8}") = "Transaction", "Transaction", "{B93FCFA9-74BA-475E-A606-9995A44A9A98}"
EndProject
Project("{FAE04EC0-301F-11D3-BF4B-00C04F79EFBC}") = "BH.Backend.TransactionService", "BH.Backend.TransactionService\BH.Backend.TransactionService.csproj", "{D3807A7E-33F4-47B9-884A-6E34FAD291FF}"
EndProject
Project("{FAE04EC0-301F-11D3-BF4B-00C04F79EFBC}") = "BH.Backend.API", "BH.Backend.API\BH.Backend.API.csproj", "{000A9930-2606-40A1-A8E7-F146C1C21579}"
EndProject
Project("{FAE04EC0-301F-11D3-BF4B-00C04F79EFBC}") = "BH.Backend.TransactionService.Tests", "BH.Backend.TransactionService.Tests\BH.Backend.TransactionService.Tests.csproj", "{05515472-5ACA-4CA4-85A4-0CA7808D2D86}"
EndProject
Global
	GlobalSection(SolutionConfigurationPlatforms) = preSolution
		Debug|Any CPU = Debug|Any CPU
		Release|Any CPU = Release|Any CPU
	EndGlobalSection
	GlobalSection(ProjectConfigurationPlatforms) = postSolution
		{37CEB277-9923-436A-8946-925F69B8A664}.Debug|Any CPU.ActiveCfg = Debug|Any CPU
		{37CEB277-9923-436A-8946-925F69B8A664}.Debug|Any CPU.Build.0 = Debug|Any CPU
		{37CEB277-9923-436A-8946-925F69B8A664}.Release|Any CPU.ActiveCfg = Release|Any CPU
		{37CEB277-9923-436A-8946-925F69B8A664}.Release|Any CPU.Build.0 = Release|Any CPU
		{D3640496-7143-466E-83AA-32DB2CCA028F}.Debug|Any CPU.ActiveCfg = Debug|Any CPU
		{D3640496-7143-466E-83AA-32DB2CCA028F}.Debug|Any CPU.Build.0 = Debug|Any CPU
		{D3640496-7143-466E-83AA-32DB2CCA028F}.Release|Any CPU.ActiveCfg = Release|Any CPU
		{D3640496-7143-466E-83AA-32DB2CCA028F}.Release|Any CPU.Build.0 = Release|Any CPU
		{045CDEB7-D408-43E9-AF79-C9C72D04E3CD}.Debug|Any CPU.ActiveCfg = Debug|Any CPU
		{045CDEB7-D408-43E9-AF79-C9C72D04E3CD}.Debug|Any CPU.Build.0 = Debug|Any CPU
		{045CDEB7-D408-43E9-AF79-C9C72D04E3CD}.Release|Any CPU.ActiveCfg = Release|Any CPU
		{045CDEB7-D408-43E9-AF79-C9C72D04E3CD}.Release|Any CPU.Build.0 = Release|Any CPU
		{06BFDDCE-5E4D-49DE-9A5A-7822EEBE3169}.Debug|Any CPU.ActiveCfg = Debug|Any CPU
		{06BFDDCE-5E4D-49DE-9A5A-7822EEBE3169}.Debug|Any CPU.Build.0 = Debug|Any CPU
		{06BFDDCE-5E4D-49DE-9A5A-7822EEBE3169}.Release|Any CPU.ActiveCfg = Release|Any CPU
		{06BFDDCE-5E4D-49DE-9A5A-7822EEBE3169}.Release|Any CPU.Build.0 = Release|Any CPU
		{784D87DF-7E25-4673-AAE9-6F93FA01B39E}.Debug|Any CPU.ActiveCfg = Debug|Any CPU
		{784D87DF-7E25-4673-AAE9-6F93FA01B39E}.Debug|Any CPU.Build.0 = Debug|Any CPU
		{784D87DF-7E25-4673-AAE9-6F93FA01B39E}.Release|Any CPU.ActiveCfg = Release|Any CPU
		{784D87DF-7E25-4673-AAE9-6F93FA01B39E}.Release|Any CPU.Build.0 = Release|Any CPU
		{D3807A7E-33F4-47B9-884A-6E34FAD291FF}.Debug|Any CPU.ActiveCfg = Debug|Any CPU
		{D3807A7E-33F4-47B9-884A-6E34FAD291FF}.Debug|Any CPU.Build.0 = Debug|Any CPU
		{D3807A7E-33F4-47B9-884A-6E34FAD291FF}.Release|Any CPU.ActiveCfg = Release|Any CPU
		{D3807A7E-33F4-47B9-884A-6E34FAD291FF}.Release|Any CPU.Build.0 = Release|Any CPU
		{000A9930-2606-40A1-A8E7-F146C1C21579}.Debug|Any CPU.ActiveCfg = Debug|Any CPU
		{000A9930-2606-40A1-A8E7-F146C1C21579}.Debug|Any CPU.Build.0 = Debug|Any CPU
		{000A9930-2606-40A1-A8E7-F146C1C21579}.Release|Any CPU.ActiveCfg = Release|Any CPU
		{000A9930-2606-40A1-A8E7-F146C1C21579}.Release|Any CPU.Build.0 = Release|Any CPU
		{05515472-5ACA-4CA4-85A4-0CA7808D2D86}.Debug|Any CPU.ActiveCfg = Debug|Any CPU
		{05515472-5ACA-4CA4-85A4-0CA7808D2D86}.Debug|Any CPU.Build.0 = Debug|Any CPU
		{05515472-5ACA-4CA4-85A4-0CA7808D2D86}.Release|Any CPU.ActiveCfg = Release|Any CPU
		{05515472-5ACA-4CA4-85A4-0CA7808D2D86}.Release|Any CPU.Build.0 = Release|Any CPU
	EndGlobalSection
	GlobalSection(SolutionProperties) = preSolution
		HideSolutionNode = FALSE
	EndGlobalSection
	GlobalSection(NestedProjects) = preSolution
		{37CEB277-9923-436A-8946-925F69B8A664} = {4C55A0ED-6872-45B0-9C21-C90BA1E46886}
		{D3640496-7143-466E-83AA-32DB2CCA028F} = {4B22E9D1-5E0F-49A8-9D5F-08D7916BEF28}
		{045CDEB7-D408-43E9-AF79-C9C72D04E3CD} = {4B22E9D1-5E0F-49A8-9D5F-08D7916BEF28}
		{06BFDDCE-5E4D-49DE-9A5A-7822EEBE3169} = {EDB8F093-3DEC-4AAC-A4DB-5273B8C28E21}
		{784D87DF-7E25-4673-AAE9-6F93FA01B39E} = {EDB8F093-3DEC-4AAC-A4DB-5273B8C28E21}
		{D3807A7E-33F4-47B9-884A-6E34FAD291FF} = {B93FCFA9-74BA-475E-A606-9995A44A9A98}
		{05515472-5ACA-4CA4-85A4-0CA7808D2D86} = {B93FCFA9-74BA-475E-A606-9995A44A9A98}
	EndGlobalSection
	GlobalSection(ExtensibilityGlobals) = postSolution
		SolutionGuid = {97D2EE70-3A6D-4517-A984-18C660BF93E8}
	EndGlobalSection
EndGlobal
